
Microsoft Visual Studio Solution File, Format Version 12.00
# Visual Studio Version 17
VisualStudioVersion = 17.5.002.0
MinimumVisualStudioVersion = 10.0.40219.1
Project("{9A19103F-16F7-4668-BE54-9A1E7A4F7556}") = "TugasW11", "TugasW11.csproj", "{4ED5A424-EC5C-4D6B-85C1-05F2C54C191A}"
EndProject
Global
	GlobalSection(SolutionConfigurationPlatforms) = preSolution
		Debug|Any CPU = Debug|Any CPU
		Release|Any CPU = Release|Any CPU
	EndGlobalSection
	GlobalSection(ProjectConfigurationPlatforms) = postSolution
		{4ED5A424-EC5C-4D6B-85C1-05F2C54C191A}.Debug|Any CPU.ActiveCfg = Debug|Any CPU
		{4ED5A424-EC5C-4D6B-85C1-05F2C54C191A}.Debug|Any CPU.Build.0 = Debug|Any CPU
		{4ED5A424-EC5C-4D6B-85C1-05F2C54C191A}.Release|Any CPU.ActiveCfg = Release|Any CPU
		{4ED5A424-EC5C-4D6B-85C1-05F2C54C191A}.Release|Any CPU.Build.0 = Release|Any CPU
	EndGlobalSection
	GlobalSection(SolutionProperties) = preSolution
		HideSolutionNode = FALSE
	EndGlobalSection
	GlobalSection(ExtensibilityGlobals) = postSolution
		SolutionGuid = {990E8460-C278-4969-AC40-C30EB113130A}
	EndGlobalSection
EndGlobal
